// !$*UTF8*$!
{
	archiveVersion = 1;
	classes = {
	};
	objectVersion = 46;
	objects = {

/* Begin PBXBuildFile section */
		D438163619F81BF400B6CCD3 /* ZBRoute+Report.swift in Sources */ = {isa = PBXBuildFile; fileRef = D438163519F81BF400B6CCD3 /* ZBRoute+Report.swift */; };
		D4C7A01419F38A2400FBD0D6 /* AppDelegate.swift in Sources */ = {isa = PBXBuildFile; fileRef = D4C7A01319F38A2400FBD0D6 /* AppDelegate.swift */; };
		D4C7A01B19F38A2400FBD0D6 /* Images.xcassets in Resources */ = {isa = PBXBuildFile; fileRef = D4C7A01A19F38A2400FBD0D6 /* Images.xcassets */; };
		D4C7A01E19F38A2400FBD0D6 /* LaunchScreen.xib in Resources */ = {isa = PBXBuildFile; fileRef = D4C7A01C19F38A2400FBD0D6 /* LaunchScreen.xib */; };
		D4C7A02A19F38A2400FBD0D6 /* ETCHelperSwiftTests.swift in Sources */ = {isa = PBXBuildFile; fileRef = D4C7A02919F38A2400FBD0D6 /* ETCHelperSwiftTests.swift */; };
		D4C7A03519F38A6900FBD0D6 /* data.txt in Resources */ = {isa = PBXBuildFile; fileRef = D4C7A03419F38A6900FBD0D6 /* data.txt */; };
		D4C7A03619F38A6900FBD0D6 /* data.txt in Resources */ = {isa = PBXBuildFile; fileRef = D4C7A03419F38A6900FBD0D6 /* data.txt */; };
		D4C7A03819F38A7B00FBD0D6 /* ZBLink.swift in Sources */ = {isa = PBXBuildFile; fileRef = D4C7A03719F38A7B00FBD0D6 /* ZBLink.swift */; };
		D4C7A03919F38A7B00FBD0D6 /* ZBLink.swift in Sources */ = {isa = PBXBuildFile; fileRef = D4C7A03719F38A7B00FBD0D6 /* ZBLink.swift */; };
		D4C7A03B19F38A8900FBD0D6 /* ZBNode.swift in Sources */ = {isa = PBXBuildFile; fileRef = D4C7A03A19F38A8900FBD0D6 /* ZBNode.swift */; };
		D4C7A03C19F38A8900FBD0D6 /* ZBNode.swift in Sources */ = {isa = PBXBuildFile; fileRef = D4C7A03A19F38A8900FBD0D6 /* ZBNode.swift */; };
		D4C7A03E19F38A9800FBD0D6 /* ZBRoute.swift in Sources */ = {isa = PBXBuildFile; fileRef = D4C7A03D19F38A9800FBD0D6 /* ZBRoute.swift */; };
		D4C7A03F19F38A9800FBD0D6 /* ZBRoute.swift in Sources */ = {isa = PBXBuildFile; fileRef = D4C7A03D19F38A9800FBD0D6 /* ZBRoute.swift */; };
		D4C7A04119F38CC500FBD0D6 /* ZBRouteManager.swift in Sources */ = {isa = PBXBuildFile; fileRef = D4C7A04019F38CC500FBD0D6 /* ZBRouteManager.swift */; };
		D4C7A04219F38CC500FBD0D6 /* ZBRouteManager.swift in Sources */ = {isa = PBXBuildFile; fileRef = D4C7A04019F38CC500FBD0D6 /* ZBRouteManager.swift */; };
		D4EB467619F3BD4A00F2E4EE /* ZBRoutesTableViewController.swift in Sources */ = {isa = PBXBuildFile; fileRef = D4EB467519F3BD4A00F2E4EE /* ZBRoutesTableViewController.swift */; };
		D4EB467819F3C3B200F2E4EE /* ZBRouteTableViewController.swift in Sources */ = {isa = PBXBuildFile; fileRef = D4EB467719F3C3B200F2E4EE /* ZBRouteTableViewController.swift */; };
		D4F1825C19F3A53900B67F12 /* ZBRootViewController.swift in Sources */ = {isa = PBXBuildFile; fileRef = D4F1825B19F3A53900B67F12 /* ZBRootViewController.swift */; };
		D4F1825E19F3AC0E00B67F12 /* ZBFreewayTableViewController.swift in Sources */ = {isa = PBXBuildFile; fileRef = D4F1825D19F3AC0E00B67F12 /* ZBFreewayTableViewController.swift */; };
		D4F1826019F3B65400B67F12 /* ZBNodesTableViewController.swift in Sources */ = {isa = PBXBuildFile; fileRef = D4F1825F19F3B65400B67F12 /* ZBNodesTableViewController.swift */; };
/* End PBXBuildFile section */

/* Begin PBXContainerItemProxy section */
		D4C7A02419F38A2400FBD0D6 /* PBXContainerItemProxy */ = {
			isa = PBXContainerItemProxy;
			containerPortal = D4C7A00619F38A2400FBD0D6 /* Project object */;
			proxyType = 1;
			remoteGlobalIDString = D4C7A00D19F38A2400FBD0D6;
			remoteInfo = ETCHelperSwift;
		};
/* End PBXContainerItemProxy section */

/* Begin PBXFileReference section */
		D438163519F81BF400B6CCD3 /* ZBRoute+Report.swift */ = {isa = PBXFileReference; fileEncoding = 4; lastKnownFileType = sourcecode.swift; path = "ZBRoute+Report.swift"; sourceTree = "<group>"; };
		D4C7A00E19F38A2400FBD0D6 /* ETCHelperSwift.app */ = {isa = PBXFileReference; explicitFileType = wrapper.application; includeInIndex = 0; path = ETCHelperSwift.app; sourceTree = BUILT_PRODUCTS_DIR; };
		D4C7A01219F38A2400FBD0D6 /* Info.plist */ = {isa = PBXFileReference; lastKnownFileType = text.plist.xml; path = Info.plist; sourceTree = "<group>"; };
		D4C7A01319F38A2400FBD0D6 /* AppDelegate.swift */ = {isa = PBXFileReference; lastKnownFileType = sourcecode.swift; path = AppDelegate.swift; sourceTree = "<group>"; };
		D4C7A01A19F38A2400FBD0D6 /* Images.xcassets */ = {isa = PBXFileReference; lastKnownFileType = folder.assetcatalog; path = Images.xcassets; sourceTree = "<group>"; };
		D4C7A01D19F38A2400FBD0D6 /* Base */ = {isa = PBXFileReference; lastKnownFileType = file.xib; name = Base; path = Base.lproj/LaunchScreen.xib; sourceTree = "<group>"; };
		D4C7A02319F38A2400FBD0D6 /* ETCHelperSwiftTests.xctest */ = {isa = PBXFileReference; explicitFileType = wrapper.cfbundle; includeInIndex = 0; path = ETCHelperSwiftTests.xctest; sourceTree = BUILT_PRODUCTS_DIR; };
		D4C7A02819F38A2400FBD0D6 /* Info.plist */ = {isa = PBXFileReference; lastKnownFileType = text.plist.xml; path = Info.plist; sourceTree = "<group>"; };
		D4C7A02919F38A2400FBD0D6 /* ETCHelperSwiftTests.swift */ = {isa = PBXFileReference; lastKnownFileType = sourcecode.swift; path = ETCHelperSwiftTests.swift; sourceTree = "<group>"; };
		D4C7A03419F38A6900FBD0D6 /* data.txt */ = {isa = PBXFileReference; fileEncoding = 4; lastKnownFileType = text; path = data.txt; sourceTree = "<group>"; };
		D4C7A03719F38A7B00FBD0D6 /* ZBLink.swift */ = {isa = PBXFileReference; fileEncoding = 4; lastKnownFileType = sourcecode.swift; path = ZBLink.swift; sourceTree = "<group>"; };
		D4C7A03A19F38A8900FBD0D6 /* ZBNode.swift */ = {isa = PBXFileReference; fileEncoding = 4; lastKnownFileType = sourcecode.swift; path = ZBNode.swift; sourceTree = "<group>"; };
		D4C7A03D19F38A9800FBD0D6 /* ZBRoute.swift */ = {isa = PBXFileReference; fileEncoding = 4; lastKnownFileType = sourcecode.swift; path = ZBRoute.swift; sourceTree = "<group>"; };
		D4C7A04019F38CC500FBD0D6 /* ZBRouteManager.swift */ = {isa = PBXFileReference; fileEncoding = 4; lastKnownFileType = sourcecode.swift; path = ZBRouteManager.swift; sourceTree = "<group>"; };
		D4EB467519F3BD4A00F2E4EE /* ZBRoutesTableViewController.swift */ = {isa = PBXFileReference; fileEncoding = 4; lastKnownFileType = sourcecode.swift; path = ZBRoutesTableViewController.swift; sourceTree = "<group>"; };
		D4EB467719F3C3B200F2E4EE /* ZBRouteTableViewController.swift */ = {isa = PBXFileReference; fileEncoding = 4; lastKnownFileType = sourcecode.swift; path = ZBRouteTableViewController.swift; sourceTree = "<group>"; };
		D4F1825B19F3A53900B67F12 /* ZBRootViewController.swift */ = {isa = PBXFileReference; fileEncoding = 4; lastKnownFileType = sourcecode.swift; path = ZBRootViewController.swift; sourceTree = "<group>"; };
		D4F1825D19F3AC0E00B67F12 /* ZBFreewayTableViewController.swift */ = {isa = PBXFileReference; fileEncoding = 4; lastKnownFileType = sourcecode.swift; path = ZBFreewayTableViewController.swift; sourceTree = "<group>"; };
		D4F1825F19F3B65400B67F12 /* ZBNodesTableViewController.swift */ = {isa = PBXFileReference; fileEncoding = 4; lastKnownFileType = sourcecode.swift; path = ZBNodesTableViewController.swift; sourceTree = "<group>"; };
/* End PBXFileReference section */

/* Begin PBXFrameworksBuildPhase section */
		D4C7A00B19F38A2400FBD0D6 /* Frameworks */ = {
			isa = PBXFrameworksBuildPhase;
			buildActionMask = 2147483647;
			files = (
			);
			runOnlyForDeploymentPostprocessing = 0;
		};
		D4C7A02019F38A2400FBD0D6 /* Frameworks */ = {
			isa = PBXFrameworksBuildPhase;
			buildActionMask = 2147483647;
			files = (
			);
			runOnlyForDeploymentPostprocessing = 0;
		};
/* End PBXFrameworksBuildPhase section */

/* Begin PBXGroup section */
		D4C7A00519F38A2400FBD0D6 = {
			isa = PBXGroup;
			children = (
				D4C7A03319F38A3C00FBD0D6 /* ETCHelperLib */,
				D4C7A01019F38A2400FBD0D6 /* ETCHelperSwift */,
				D4C7A02619F38A2400FBD0D6 /* ETCHelperSwiftTests */,
				D4C7A00F19F38A2400FBD0D6 /* Products */,
			);
			sourceTree = "<group>";
		};
		D4C7A00F19F38A2400FBD0D6 /* Products */ = {
			isa = PBXGroup;
			children = (
				D4C7A00E19F38A2400FBD0D6 /* ETCHelperSwift.app */,
				D4C7A02319F38A2400FBD0D6 /* ETCHelperSwiftTests.xctest */,
			);
			name = Products;
			sourceTree = "<group>";
		};
		D4C7A01019F38A2400FBD0D6 /* ETCHelperSwift */ = {
			isa = PBXGroup;
			children = (
				D4C7A01319F38A2400FBD0D6 /* AppDelegate.swift */,
				D4F1825B19F3A53900B67F12 /* ZBRootViewController.swift */,
				D4F1825D19F3AC0E00B67F12 /* ZBFreewayTableViewController.swift */,
				D4F1825F19F3B65400B67F12 /* ZBNodesTableViewController.swift */,
				D4EB467519F3BD4A00F2E4EE /* ZBRoutesTableViewController.swift */,
				D4EB467719F3C3B200F2E4EE /* ZBRouteTableViewController.swift */,
				D4C7A01A19F38A2400FBD0D6 /* Images.xcassets */,
				D4C7A01C19F38A2400FBD0D6 /* LaunchScreen.xib */,
				D4C7A01119F38A2400FBD0D6 /* Supporting Files */,
			);
			path = ETCHelperSwift;
			sourceTree = "<group>";
		};
		D4C7A01119F38A2400FBD0D6 /* Supporting Files */ = {
			isa = PBXGroup;
			children = (
				D4C7A03419F38A6900FBD0D6 /* data.txt */,
				D4C7A01219F38A2400FBD0D6 /* Info.plist */,
			);
			name = "Supporting Files";
			sourceTree = "<group>";
		};
		D4C7A02619F38A2400FBD0D6 /* ETCHelperSwiftTests */ = {
			isa = PBXGroup;
			children = (
				D4C7A02919F38A2400FBD0D6 /* ETCHelperSwiftTests.swift */,
				D4C7A02719F38A2400FBD0D6 /* Supporting Files */,
			);
			path = ETCHelperSwiftTests;
			sourceTree = "<group>";
		};
		D4C7A02719F38A2400FBD0D6 /* Supporting Files */ = {
			isa = PBXGroup;
			children = (
				D4C7A02819F38A2400FBD0D6 /* Info.plist */,
			);
			name = "Supporting Files";
			sourceTree = "<group>";
		};
		D4C7A03319F38A3C00FBD0D6 /* ETCHelperLib */ = {
			isa = PBXGroup;
			children = (
				D4C7A03A19F38A8900FBD0D6 /* ZBNode.swift */,
				D4C7A03719F38A7B00FBD0D6 /* ZBLink.swift */,
				D4C7A03D19F38A9800FBD0D6 /* ZBRoute.swift */,
				D438163519F81BF400B6CCD3 /* ZBRoute+Report.swift */,
				D4C7A04019F38CC500FBD0D6 /* ZBRouteManager.swift */,
			);
			path = ETCHelperLib;
			sourceTree = "<group>";
		};
/* End PBXGroup section */

/* Begin PBXNativeTarget section */
		D4C7A00D19F38A2400FBD0D6 /* ETCHelperSwift */ = {
			isa = PBXNativeTarget;
			buildConfigurationList = D4C7A02D19F38A2400FBD0D6 /* Build configuration list for PBXNativeTarget "ETCHelperSwift" */;
			buildPhases = (
				D4C7A00A19F38A2400FBD0D6 /* Sources */,
				D4C7A00B19F38A2400FBD0D6 /* Frameworks */,
				D4C7A00C19F38A2400FBD0D6 /* Resources */,
			);
			buildRules = (
			);
			dependencies = (
			);
			name = ETCHelperSwift;
			productName = ETCHelperSwift;
			productReference = D4C7A00E19F38A2400FBD0D6 /* ETCHelperSwift.app */;
			productType = "com.apple.product-type.application";
		};
		D4C7A02219F38A2400FBD0D6 /* ETCHelperSwiftTests */ = {
			isa = PBXNativeTarget;
			buildConfigurationList = D4C7A03019F38A2400FBD0D6 /* Build configuration list for PBXNativeTarget "ETCHelperSwiftTests" */;
			buildPhases = (
				D4C7A01F19F38A2400FBD0D6 /* Sources */,
				D4C7A02019F38A2400FBD0D6 /* Frameworks */,
				D4C7A02119F38A2400FBD0D6 /* Resources */,
			);
			buildRules = (
			);
			dependencies = (
				D4C7A02519F38A2400FBD0D6 /* PBXTargetDependency */,
			);
			name = ETCHelperSwiftTests;
			productName = ETCHelperSwiftTests;
			productReference = D4C7A02319F38A2400FBD0D6 /* ETCHelperSwiftTests.xctest */;
			productType = "com.apple.product-type.bundle.unit-test";
		};
/* End PBXNativeTarget section */

/* Begin PBXProject section */
		D4C7A00619F38A2400FBD0D6 /* Project object */ = {
			isa = PBXProject;
			attributes = {
				LastUpgradeCheck = 0600;
				ORGANIZATIONNAME = "Weizhong Yang";
				TargetAttributes = {
					D4C7A00D19F38A2400FBD0D6 = {
						CreatedOnToolsVersion = 6.0;
					};
					D4C7A02219F38A2400FBD0D6 = {
						CreatedOnToolsVersion = 6.0;
						TestTargetID = D4C7A00D19F38A2400FBD0D6;
					};
				};
			};
			buildConfigurationList = D4C7A00919F38A2400FBD0D6 /* Build configuration list for PBXProject "ETCHelperSwift" */;
			compatibilityVersion = "Xcode 3.2";
			developmentRegion = English;
			hasScannedForEncodings = 0;
			knownRegions = (
				en,
				Base,
			);
			mainGroup = D4C7A00519F38A2400FBD0D6;
			productRefGroup = D4C7A00F19F38A2400FBD0D6 /* Products */;
			projectDirPath = "";
			projectRoot = "";
			targets = (
				D4C7A00D19F38A2400FBD0D6 /* ETCHelperSwift */,
				D4C7A02219F38A2400FBD0D6 /* ETCHelperSwiftTests */,
			);
		};
/* End PBXProject section */

/* Begin PBXResourcesBuildPhase section */
		D4C7A00C19F38A2400FBD0D6 /* Resources */ = {
			isa = PBXResourcesBuildPhase;
			buildActionMask = 2147483647;
			files = (
				D4C7A03519F38A6900FBD0D6 /* data.txt in Resources */,
				D4C7A01E19F38A2400FBD0D6 /* LaunchScreen.xib in Resources */,
				D4C7A01B19F38A2400FBD0D6 /* Images.xcassets in Resources */,
			);
			runOnlyForDeploymentPostprocessing = 0;
		};
		D4C7A02119F38A2400FBD0D6 /* Resources */ = {
			isa = PBXResourcesBuildPhase;
			buildActionMask = 2147483647;
			files = (
				D4C7A03619F38A6900FBD0D6 /* data.txt in Resources */,
			);
			runOnlyForDeploymentPostprocessing = 0;
		};
/* End PBXResourcesBuildPhase section */

/* Begin PBXSourcesBuildPhase section */
		D4C7A00A19F38A2400FBD0D6 /* Sources */ = {
			isa = PBXSourcesBuildPhase;
			buildActionMask = 2147483647;
			files = (
				D4EB467819F3C3B200F2E4EE /* ZBRouteTableViewController.swift in Sources */,
				D4EB467619F3BD4A00F2E4EE /* ZBRoutesTableViewController.swift in Sources */,
				D4C7A03E19F38A9800FBD0D6 /* ZBRoute.swift in Sources */,
				D438163619F81BF400B6CCD3 /* ZBRoute+Report.swift in Sources */,
				D4C7A03B19F38A8900FBD0D6 /* ZBNode.swift in Sources */,
				D4C7A01419F38A2400FBD0D6 /* AppDelegate.swift in Sources */,
				D4F1825E19F3AC0E00B67F12 /* ZBFreewayTableViewController.swift in Sources */,
				D4C7A03819F38A7B00FBD0D6 /* ZBLink.swift in Sources */,
				D4F1825C19F3A53900B67F12 /* ZBRootViewController.swift in Sources */,
				D4F1826019F3B65400B67F12 /* ZBNodesTableViewController.swift in Sources */,
				D4C7A04119F38CC500FBD0D6 /* ZBRouteManager.swift in Sources */,
			);
			runOnlyForDeploymentPostprocessing = 0;
		};
		D4C7A01F19F38A2400FBD0D6 /* Sources */ = {
			isa = PBXSourcesBuildPhase;
			buildActionMask = 2147483647;
			files = (
				D4C7A03C19F38A8900FBD0D6 /* ZBNode.swift in Sources */,
				D4C7A02A19F38A2400FBD0D6 /* ETCHelperSwiftTests.swift in Sources */,
				D4C7A04219F38CC500FBD0D6 /* ZBRouteManager.swift in Sources */,
				D4C7A03919F38A7B00FBD0D6 /* ZBLink.swift in Sources */,
				D4C7A03F19F38A9800FBD0D6 /* ZBRoute.swift in Sources */,
			);
			runOnlyForDeploymentPostprocessing = 0;
		};
/* End PBXSourcesBuildPhase section */

/* Begin PBXTargetDependency section */
		D4C7A02519F38A2400FBD0D6 /* PBXTargetDependency */ = {
			isa = PBXTargetDependency;
			target = D4C7A00D19F38A2400FBD0D6 /* ETCHelperSwift */;
			targetProxy = D4C7A02419F38A2400FBD0D6 /* PBXContainerItemProxy */;
		};
/* End PBXTargetDependency section */

/* Begin PBXVariantGroup section */
		D4C7A01C19F38A2400FBD0D6 /* LaunchScreen.xib */ = {
			isa = PBXVariantGroup;
			children = (
				D4C7A01D19F38A2400FBD0D6 /* Base */,
			);
			name = LaunchScreen.xib;
			sourceTree = "<group>";
		};
/* End PBXVariantGroup section */

/* Begin XCBuildConfiguration section */
		D4C7A02B19F38A2400FBD0D6 /* Debug */ = {
			isa = XCBuildConfiguration;
			buildSettings = {
				ALWAYS_SEARCH_USER_PATHS = NO;
				CLANG_CXX_LANGUAGE_STANDARD = "gnu++0x";
				CLANG_CXX_LIBRARY = "libc++";
				CLANG_ENABLE_MODULES = YES;
				CLANG_ENABLE_OBJC_ARC = YES;
				CLANG_WARN_BOOL_CONVERSION = YES;
				CLANG_WARN_CONSTANT_CONVERSION = YES;
				CLANG_WARN_DIRECT_OBJC_ISA_USAGE = YES_ERROR;
				CLANG_WARN_EMPTY_BODY = YES;
				CLANG_WARN_ENUM_CONVERSION = YES;
				CLANG_WARN_INT_CONVERSION = YES;
				CLANG_WARN_OBJC_ROOT_CLASS = YES_ERROR;
				CLANG_WARN_UNREACHABLE_CODE = YES;
				CLANG_WARN__DUPLICATE_METHOD_MATCH = YES;
				"CODE_SIGN_IDENTITY[sdk=iphoneos*]" = "iPhone Developer";
				COPY_PHASE_STRIP = NO;
				ENABLE_STRICT_OBJC_MSGSEND = YES;
				GCC_C_LANGUAGE_STANDARD = gnu99;
				GCC_DYNAMIC_NO_PIC = NO;
				GCC_OPTIMIZATION_LEVEL = 0;
				GCC_PREPROCESSOR_DEFINITIONS = (
					"DEBUG=1",
					"$(inherited)",
				);
				GCC_SYMBOLS_PRIVATE_EXTERN = NO;
				GCC_WARN_64_TO_32_BIT_CONVERSION = YES;
				GCC_WARN_ABOUT_RETURN_TYPE = YES_ERROR;
				GCC_WARN_UNDECLARED_SELECTOR = YES;
				GCC_WARN_UNINITIALIZED_AUTOS = YES_AGGRESSIVE;
				GCC_WARN_UNUSED_FUNCTION = YES;
				GCC_WARN_UNUSED_VARIABLE = YES;
				IPHONEOS_DEPLOYMENT_TARGET = 8.0;
				MTL_ENABLE_DEBUG_INFO = YES;
				ONLY_ACTIVE_ARCH = YES;
				SDKROOT = iphoneos;
				SWIFT_OPTIMIZATION_LEVEL = "-Ounchecked";
			};
			name = Debug;
		};
		D4C7A02C19F38A2400FBD0D6 /* Release */ = {
			isa = XCBuildConfiguration;
			buildSettings = {
				ALWAYS_SEARCH_USER_PATHS = NO;
				CLANG_CXX_LANGUAGE_STANDARD = "gnu++0x";
				CLANG_CXX_LIBRARY = "libc++";
				CLANG_ENABLE_MODULES = YES;
				CLANG_ENABLE_OBJC_ARC = YES;
				CLANG_WARN_BOOL_CONVERSION = YES;
				CLANG_WARN_CONSTANT_CONVERSION = YES;
				CLANG_WARN_DIRECT_OBJC_ISA_USAGE = YES_ERROR;
				CLANG_WARN_EMPTY_BODY = YES;
				CLANG_WARN_ENUM_CONVERSION = YES;
				CLANG_WARN_INT_CONVERSION = YES;
				CLANG_WARN_OBJC_ROOT_CLASS = YES_ERROR;
				CLANG_WARN_UNREACHABLE_CODE = YES;
				CLANG_WARN__DUPLICATE_METHOD_MATCH = YES;
				"CODE_SIGN_IDENTITY[sdk=iphoneos*]" = "iPhone Developer";
				COPY_PHASE_STRIP = YES;
				ENABLE_NS_ASSERTIONS = NO;
				ENABLE_STRICT_OBJC_MSGSEND = YES;
				GCC_C_LANGUAGE_STANDARD = gnu99;
				GCC_WARN_64_TO_32_BIT_CONVERSION = YES;
				GCC_WARN_ABOUT_RETURN_TYPE = YES_ERROR;
				GCC_WARN_UNDECLARED_SELECTOR = YES;
				GCC_WARN_UNINITIALIZED_AUTOS = YES_AGGRESSIVE;
				GCC_WARN_UNUSED_FUNCTION = YES;
				GCC_WARN_UNUSED_VARIABLE = YES;
				IPHONEOS_DEPLOYMENT_TARGET = 8.0;
				MTL_ENABLE_DEBUG_INFO = NO;
				SDKROOT = iphoneos;
				SWIFT_OPTIMIZATION_LEVEL = "-O";
				VALIDATE_PRODUCT = YES;
			};
			name = Release;
		};
		D4C7A02E19F38A2400FBD0D6 /* Debug */ = {
			isa = XCBuildConfiguration;
			buildSettings = {
				ASSETCATALOG_COMPILER_APPICON_NAME = AppIcon;
				INFOPLIST_FILE = ETCHelperSwift/Info.plist;
				IPHONEOS_DEPLOYMENT_TARGET = 8.1;
				LD_RUNPATH_SEARCH_PATHS = "$(inherited) @executable_path/Frameworks";
				PRODUCT_NAME = "$(TARGET_NAME)";
			};
			name = Debug;
		};
		D4C7A02F19F38A2400FBD0D6 /* Release */ = {
			isa = XCBuildConfiguration;
			buildSettings = {
				ASSETCATALOG_COMPILER_APPICON_NAME = AppIcon;
				INFOPLIST_FILE = ETCHelperSwift/Info.plist;
				IPHONEOS_DEPLOYMENT_TARGET = 8.1;
				LD_RUNPATH_SEARCH_PATHS = "$(inherited) @executable_path/Frameworks";
				PRODUCT_NAME = "$(TARGET_NAME)";
			};
			name = Release;
		};
		D4C7A03119F38A2400FBD0D6 /* Debug */ = {
			isa = XCBuildConfiguration;
			buildSettings = {
				BUNDLE_LOADER = "$(TEST_HOST)";
				FRAMEWORK_SEARCH_PATHS = (
					"$(SDKROOT)/Developer/Library/Frameworks",
					"$(inherited)",
				);
				GCC_PREPROCESSOR_DEFINITIONS = (
					"DEBUG=1",
					"$(inherited)",
				);
				INFOPLIST_FILE = ETCHelperSwiftTests/Info.plist;
				LD_RUNPATH_SEARCH_PATHS = "$(inherited) @executable_path/Frameworks @loader_path/Frameworks";
				PRODUCT_NAME = "$(TARGET_NAME)";
				TEST_HOST = "$(BUILT_PRODUCTS_DIR)/ETCHelperSwift.app/ETCHelperSwift";
			};
			name = Debug;
		};
		D4C7A03219F38A2400FBD0D6 /* Release */ = {
			isa = XCBuildConfiguration;
			buildSettings = {
				BUNDLE_LOADER = "$(TEST_HOST)";
				FRAMEWORK_SEARCH_PATHS = (
					"$(SDKROOT)/Developer/Library/Frameworks",
					"$(inherited)",
				);
				INFOPLIST_FILE = ETCHelperSwiftTests/Info.plist;
				LD_RUNPATH_SEARCH_PATHS = "$(inherited) @executable_path/Frameworks @loader_path/Frameworks";
				PRODUCT_NAME = "$(TARGET_NAME)";
				TEST_HOST = "$(BUILT_PRODUCTS_DIR)/ETCHelperSwift.app/ETCHelperSwift";
			};
			name = Release;
		};
/* End XCBuildConfiguration section */

/* Begin XCConfigurationList section */
		D4C7A00919F38A2400FBD0D6 /* Build configuration list for PBXProject "ETCHelperSwift" */ = {
			isa = XCConfigurationList;
			buildConfigurations = (
				D4C7A02B19F38A2400FBD0D6 /* Debug */,
				D4C7A02C19F38A2400FBD0D6 /* Release */,
			);
			defaultConfigurationIsVisible = 0;
			defaultConfigurationName = Release;
		};
		D4C7A02D19F38A2400FBD0D6 /* Build configuration list for PBXNativeTarget "ETCHelperSwift" */ = {
			isa = XCConfigurationList;
			buildConfigurations = (
				D4C7A02E19F38A2400FBD0D6 /* Debug */,
				D4C7A02F19F38A2400FBD0D6 /* Release */,
			);
			defaultConfigurationIsVisible = 0;
			defaultConfigurationName = Release;
		};
		D4C7A03019F38A2400FBD0D6 /* Build configuration list for PBXNativeTarget "ETCHelperSwiftTests" */ = {
			isa = XCConfigurationList;
			buildConfigurations = (
				D4C7A03119F38A2400FBD0D6 /* Debug */,
				D4C7A03219F38A2400FBD0D6 /* Release */,
			);
			defaultConfigurationIsVisible = 0;
			defaultConfigurationName = Release;
		};
/* End XCConfigurationList section */
	};
	rootObject = D4C7A00619F38A2400FBD0D6 /* Project object */;
}
